
Microsoft Visual Studio Solution File, Format Version 12.00
# Visual Studio 2012
Project("{FAE04EC0-301F-11D3-BF4B-00C04F79EFBC}") = "EntlibExtensions", "EntlibExtensions.csproj", "{2262B2DB-30E3-4A07-8C99-B9616B3371A1}"
EndProject
Global
	GlobalSection(SolutionConfigurationPlatforms) = preSolution
		Debug|Any CPU = Debug|Any CPU
		Release|Any CPU = Release|Any CPU
	EndGlobalSection
	GlobalSection(ProjectConfigurationPlatforms) = postSolution
		{2262B2DB-30E3-4A07-8C99-B9616B3371A1}.Debug|Any CPU.ActiveCfg = Debug|Any CPU
		{2262B2DB-30E3-4A07-8C99-B9616B3371A1}.Debug|Any CPU.Build.0 = Debug|Any CPU
		{2262B2DB-30E3-4A07-8C99-B9616B3371A1}.Release|Any CPU.ActiveCfg = Release|Any CPU
		{2262B2DB-30E3-4A07-8C99-B9616B3371A1}.Release|Any CPU.Build.0 = Release|Any CPU
	EndGlobalSection
	GlobalSection(SolutionProperties) = preSolution
		HideSolutionNode = FALSE
	EndGlobalSection
EndGlobal
